
Microsoft Visual Studio Solution File, Format Version 12.00
# Visual Studio 14
VisualStudioVersion = 14.0.25123.0
MinimumVisualStudioVersion = 10.0.40219.1
Project("{E24C65DC-7377-472B-9ABA-BC803B73C61A}") = "Summer Flash", ".", "{4601DAE7-1898-48C2-B91D-6D7C654C2EB9}"
	ProjectSection(WebsiteProperties) = preProject
		TargetFrameworkMoniker = ".NETFramework,Version%3Dv4.0"
		Debug.AspNetCompiler.VirtualPath = "/Summer Flash"
		Debug.AspNetCompiler.PhysicalPath = "..\..\..\Documents\Projects Web\Summer Flash\"
		Debug.AspNetCompiler.TargetPath = "PrecompiledWeb\Summer Flash\"
		Debug.AspNetCompiler.Updateable = "true"
		Debug.AspNetCompiler.ForceOverwrite = "true"
		Debug.AspNetCompiler.FixedNames = "false"
		Debug.AspNetCompiler.Debug = "True"
		Release.AspNetCompiler.VirtualPath = "/Summer Flash"
		Release.AspNetCompiler.PhysicalPath = "..\..\..\Documents\Projects Web\Summer Flash\"
		Release.AspNetCompiler.TargetPath = "PrecompiledWeb\Summer Flash\"
		Release.AspNetCompiler.Updateable = "true"
		Release.AspNetCompiler.ForceOverwrite = "true"
		Release.AspNetCompiler.FixedNames = "false"
		Release.AspNetCompiler.Debug = "False"
		VWDPort = "2619"
	EndProjectSection
EndProject
Global
	GlobalSection(SolutionConfigurationPlatforms) = preSolution
		Debug|.NET = Debug|.NET
	EndGlobalSection
	GlobalSection(ProjectConfigurationPlatforms) = postSolution
		{4601DAE7-1898-48C2-B91D-6D7C654C2EB9}.Debug|.NET.ActiveCfg = Debug|Any CPU
		{4601DAE7-1898-48C2-B91D-6D7C654C2EB9}.Debug|.NET.Build.0 = Debug|Any CPU
	EndGlobalSection
	GlobalSection(SolutionProperties) = preSolution
		HideSolutionNode = FALSE
	EndGlobalSection
EndGlobal
